
Microsoft Visual Studio Solution File, Format Version 12.00
# Visual Studio 2013
VisualStudioVersion = 12.0.21005.1
MinimumVisualStudioVersion = 10.0.40219.1
Project("{8BC9CEB8-8B4A-11D0-8D11-00A0C91BC942}") = "Infrastructure", "Projects\Libraries\Infrastructure\Infrastructure.vcxproj", "{4A0F10C5-C7E2-4467-B155-C86271E26DB1}"
	ProjectSection(ProjectDependencies) = postProject
		{89B8FB41-3530-4E29-8179-99E03898CB55} = {89B8FB41-3530-4E29-8179-99E03898CB55}
		{E276F458-F17E-495C-BA08-030E07015E83} = {E276F458-F17E-495C-BA08-030E07015E83}
		{BFB7DB67-2AEE-4303-88B6-EA97E08CF3C9} = {BFB7DB67-2AEE-4303-88B6-EA97E08CF3C9}
		{C59A0985-B243-4502-AA31-5C5FDB1A87B6} = {C59A0985-B243-4502-AA31-5C5FDB1A87B6}
		{35C7ACBA-6404-415F-A7F6-E15D7169A187} = {35C7ACBA-6404-415F-A7F6-E15D7169A187}
		{CE1446BC-5B23-43C3-BF45-68C5ACF46640} = {CE1446BC-5B23-43C3-BF45-68C5ACF46640}
		{53D32EE1-B6A1-4150-9022-23314782EE5E} = {53D32EE1-B6A1-4150-9022-23314782EE5E}
	EndProjectSection
EndProject
Project("{2150E333-8FDC-42A3-9474-1A3956D46DE8}") = "Libraries", "Libraries", "{B2282035-070B-4D5A-B61B-122381AEDC74}"
EndProject
Project("{2150E333-8FDC-42A3-9474-1A3956D46DE8}") = "Console", "Console", "{E31D3F04-CE47-42D4-BAFA-3422D153EA13}"
EndProject
Project("{8BC9CEB8-8B4A-11D0-8D11-00A0C91BC942}") = "Console", "Projects\Console\Console\Console.vcxproj", "{6DC00989-0113-446D-9AB9-9AD0A778EAB4}"
	ProjectSection(ProjectDependencies) = postProject
		{599C3F64-8B23-4F93-B87D-97402E2E0BEE} = {599C3F64-8B23-4F93-B87D-97402E2E0BEE}
		{452DB57D-ADCE-4947-AD50-5CB962A7B19F} = {452DB57D-ADCE-4947-AD50-5CB962A7B19F}
		{35C7ACBA-6404-415F-A7F6-E15D7169A187} = {35C7ACBA-6404-415F-A7F6-E15D7169A187}
		{CE1446BC-5B23-43C3-BF45-68C5ACF46640} = {CE1446BC-5B23-43C3-BF45-68C5ACF46640}
		{4A0F10C5-C7E2-4467-B155-C86271E26DB1} = {4A0F10C5-C7E2-4467-B155-C86271E26DB1}
		{E03D89E7-C9A7-4328-B157-A756D51C54FB} = {E03D89E7-C9A7-4328-B157-A756D51C54FB}
	EndProjectSection
EndProject
Project("{8BC9CEB8-8B4A-11D0-8D11-00A0C91BC942}") = "Header", "Projects\Libraries\Header\Header.vcxproj", "{CE1446BC-5B23-43C3-BF45-68C5ACF46640}"
EndProject
Project("{8BC9CEB8-8B4A-11D0-8D11-00A0C91BC942}") = "Logic", "Projects\Libraries\Logic\Logic.vcxproj", "{E03D89E7-C9A7-4328-B157-A756D51C54FB}"
	ProjectSection(ProjectDependencies) = postProject
		{CE1446BC-5B23-43C3-BF45-68C5ACF46640} = {CE1446BC-5B23-43C3-BF45-68C5ACF46640}
	EndProjectSection
EndProject
Project("{2150E333-8FDC-42A3-9474-1A3956D46DE8}") = "Tests", "Tests", "{C742A8CD-3CE1-4B4E-B2A8-6525DCCD3F7E}"
EndProject
Project("{2150E333-8FDC-42A3-9474-1A3956D46DE8}") = "Unit", "Unit", "{99D8CD29-536E-476C-9E4E-8C781C5D047E}"
EndProject
Project("{2150E333-8FDC-42A3-9474-1A3956D46DE8}") = "Logic", "Logic", "{2DEF4887-CCC9-4B9E-BCA5-71A1421C67FB}"
EndProject
Project("{8BC9CEB8-8B4A-11D0-8D11-00A0C91BC942}") = "Mat4", "Projects\Tests\Mat4\Mat4.vcxproj", "{5FBD54EC-5362-43D4-A22F-AF162F66E8D3}"
	ProjectSection(ProjectDependencies) = postProject
		{E03D89E7-C9A7-4328-B157-A756D51C54FB} = {E03D89E7-C9A7-4328-B157-A756D51C54FB}
	EndProjectSection
EndProject
Project("{8BC9CEB8-8B4A-11D0-8D11-00A0C91BC942}") = "Mat3", "Projects\Tests\Mat3\Mat3.vcxproj", "{0FE9039D-5579-481C-ABAD-091DE9DF4D6E}"
	ProjectSection(ProjectDependencies) = postProject
		{E03D89E7-C9A7-4328-B157-A756D51C54FB} = {E03D89E7-C9A7-4328-B157-A756D51C54FB}
	EndProjectSection
EndProject
Project("{8BC9CEB8-8B4A-11D0-8D11-00A0C91BC942}") = "ViewMatrix", "Projects\Tests\ViewMatrix\ViewMatrix.vcxproj", "{A02CD70B-8EEB-4FB8-A091-20EE4EC8B607}"
	ProjectSection(ProjectDependencies) = postProject
		{CE1446BC-5B23-43C3-BF45-68C5ACF46640} = {CE1446BC-5B23-43C3-BF45-68C5ACF46640}
		{E03D89E7-C9A7-4328-B157-A756D51C54FB} = {E03D89E7-C9A7-4328-B157-A756D51C54FB}
	EndProjectSection
EndProject
Project("{8BC9CEB8-8B4A-11D0-8D11-00A0C91BC942}") = "RotateMatrix", "Projects\Tests\RotateMatrix\RotateMatrix.vcxproj", "{0448B82F-5C3C-4594-9B87-485534647449}"
	ProjectSection(ProjectDependencies) = postProject
		{E03D89E7-C9A7-4328-B157-A756D51C54FB} = {E03D89E7-C9A7-4328-B157-A756D51C54FB}
	EndProjectSection
EndProject
Project("{2150E333-8FDC-42A3-9474-1A3956D46DE8}") = "APIs", "APIs", "{834CB685-001F-4171-94F5-DB047773127E}"
EndProject
Project("{8BC9CEB8-8B4A-11D0-8D11-00A0C91BC942}") = "OpenGL", "Projects\Libraries\APIs\OpenGL\OpenGL.vcxproj", "{35C7ACBA-6404-415F-A7F6-E15D7169A187}"
	ProjectSection(ProjectDependencies) = postProject
		{452DB57D-ADCE-4947-AD50-5CB962A7B19F} = {452DB57D-ADCE-4947-AD50-5CB962A7B19F}
		{CE1446BC-5B23-43C3-BF45-68C5ACF46640} = {CE1446BC-5B23-43C3-BF45-68C5ACF46640}
	EndProjectSection
EndProject
Project("{8BC9CEB8-8B4A-11D0-8D11-00A0C91BC942}") = "WinAPI", "Projects\Libraries\APIs\WinAPI\WinAPI.vcxproj", "{452DB57D-ADCE-4947-AD50-5CB962A7B19F}"
	ProjectSection(ProjectDependencies) = postProject
		{CE1446BC-5B23-43C3-BF45-68C5ACF46640} = {CE1446BC-5B23-43C3-BF45-68C5ACF46640}
		{E03D89E7-C9A7-4328-B157-A756D51C54FB} = {E03D89E7-C9A7-4328-B157-A756D51C54FB}
	EndProjectSection
EndProject
Project("{8BC9CEB8-8B4A-11D0-8D11-00A0C91BC942}") = "Input", "Projects\Libraries\Input\Input.vcxproj", "{599C3F64-8B23-4F93-B87D-97402E2E0BEE}"
	ProjectSection(ProjectDependencies) = postProject
		{452DB57D-ADCE-4947-AD50-5CB962A7B19F} = {452DB57D-ADCE-4947-AD50-5CB962A7B19F}
		{CE1446BC-5B23-43C3-BF45-68C5ACF46640} = {CE1446BC-5B23-43C3-BF45-68C5ACF46640}
		{E03D89E7-C9A7-4328-B157-A756D51C54FB} = {E03D89E7-C9A7-4328-B157-A756D51C54FB}
	EndProjectSection
EndProject
Project("{8BC9CEB8-8B4A-11D0-8D11-00A0C91BC942}") = "ModelMatrix", "Projects\Tests\ModelMatrix\ModelMatrix.vcxproj", "{5CF1953B-8A2F-4263-8580-0C7095546280}"
	ProjectSection(ProjectDependencies) = postProject
		{E03D89E7-C9A7-4328-B157-A756D51C54FB} = {E03D89E7-C9A7-4328-B157-A756D51C54FB}
	EndProjectSection
EndProject
Project("{8BC9CEB8-8B4A-11D0-8D11-00A0C91BC942}") = "Geometry", "Projects\Libraries\Geometry\Geometry.vcxproj", "{BFB7DB67-2AEE-4303-88B6-EA97E08CF3C9}"
EndProject
Project("{2150E333-8FDC-42A3-9474-1A3956D46DE8}") = "Examples", "Examples", "{411DB0F3-B431-4343-91AA-58194D45186A}"
EndProject
Project("{8BC9CEB8-8B4A-11D0-8D11-00A0C91BC942}") = "OpenGL_Model", "Projects\Example\OpenGL_Model\OpenGL_Model.vcxproj", "{B384F862-A2A5-4D46-8882-47C8AEA38F72}"
	ProjectSection(ProjectDependencies) = postProject
		{BFB7DB67-2AEE-4303-88B6-EA97E08CF3C9} = {BFB7DB67-2AEE-4303-88B6-EA97E08CF3C9}
		{35C7ACBA-6404-415F-A7F6-E15D7169A187} = {35C7ACBA-6404-415F-A7F6-E15D7169A187}
		{CE1446BC-5B23-43C3-BF45-68C5ACF46640} = {CE1446BC-5B23-43C3-BF45-68C5ACF46640}
		{4A0F10C5-C7E2-4467-B155-C86271E26DB1} = {4A0F10C5-C7E2-4467-B155-C86271E26DB1}
		{53D32EE1-B6A1-4150-9022-23314782EE5E} = {53D32EE1-B6A1-4150-9022-23314782EE5E}
		{E03D89E7-C9A7-4328-B157-A756D51C54FB} = {E03D89E7-C9A7-4328-B157-A756D51C54FB}
	EndProjectSection
EndProject
Project("{8BC9CEB8-8B4A-11D0-8D11-00A0C91BC942}") = "OpenGL_Triangle", "Projects\Example\OpenGL_Triangle\OpenGL_Triangle.vcxproj", "{AB38C5F2-4EFD-4C0C-88DD-94C7403D1F76}"
	ProjectSection(ProjectDependencies) = postProject
		{35C7ACBA-6404-415F-A7F6-E15D7169A187} = {35C7ACBA-6404-415F-A7F6-E15D7169A187}
		{CE1446BC-5B23-43C3-BF45-68C5ACF46640} = {CE1446BC-5B23-43C3-BF45-68C5ACF46640}
	EndProjectSection
EndProject
Project("{8BC9CEB8-8B4A-11D0-8D11-00A0C91BC942}") = "Vulkan", "Projects\Libraries\APIs\Vulkan\Vulkan.vcxproj", "{89B8FB41-3530-4E29-8179-99E03898CB55}"
	ProjectSection(ProjectDependencies) = postProject
		{CE1446BC-5B23-43C3-BF45-68C5ACF46640} = {CE1446BC-5B23-43C3-BF45-68C5ACF46640}
		{E03D89E7-C9A7-4328-B157-A756D51C54FB} = {E03D89E7-C9A7-4328-B157-A756D51C54FB}
	EndProjectSection
EndProject
Project("{8BC9CEB8-8B4A-11D0-8D11-00A0C91BC942}") = "Vulkan_RawTriangle", "Projects\Example\Vulkan_RawTriangle\Vulkan_RawTriangle.vcxproj", "{BA63DC9A-58FC-4341-B000-36B2C643EAFB}"
	ProjectSection(ProjectDependencies) = postProject
		{89B8FB41-3530-4E29-8179-99E03898CB55} = {89B8FB41-3530-4E29-8179-99E03898CB55}
	EndProjectSection
EndProject
Project("{8BC9CEB8-8B4A-11D0-8D11-00A0C91BC942}") = "Vulkan_Triangle", "Projects\Example\Vulkan_Triangle\Vulkan_Triangle.vcxproj", "{6415FFAD-4E5E-48A3-9030-9534E73D287A}"
	ProjectSection(ProjectDependencies) = postProject
		{89B8FB41-3530-4E29-8179-99E03898CB55} = {89B8FB41-3530-4E29-8179-99E03898CB55}
	EndProjectSection
EndProject
Project("{8BC9CEB8-8B4A-11D0-8D11-00A0C91BC942}") = "LibSnd", "Projects\Libraries\Utilities\LibSnd\LibSnd.vcxproj", "{FF6B2FD8-37FA-473E-A99E-D8D63FB8E90C}"
	ProjectSection(ProjectDependencies) = postProject
		{CE1446BC-5B23-43C3-BF45-68C5ACF46640} = {CE1446BC-5B23-43C3-BF45-68C5ACF46640}
	EndProjectSection
EndProject
Project("{2150E333-8FDC-42A3-9474-1A3956D46DE8}") = "Utilities", "Utilities", "{34AA2943-39F6-49C9-A66B-F16C334D1F9D}"
EndProject
Project("{8BC9CEB8-8B4A-11D0-8D11-00A0C91BC942}") = "LibSnd_Test", "Projects\Example\LibSnd_Test\LibSnd_Test.vcxproj", "{BC3F0435-6766-4227-80DD-2A7C1AAED0A1}"
	ProjectSection(ProjectDependencies) = postProject
		{FF6B2FD8-37FA-473E-A99E-D8D63FB8E90C} = {FF6B2FD8-37FA-473E-A99E-D8D63FB8E90C}
	EndProjectSection
EndProject
Project("{8BC9CEB8-8B4A-11D0-8D11-00A0C91BC942}") = "Vulkan_Model", "Projects\Example\Vulkan_Model\Vulkan_Model.vcxproj", "{6E742E49-B38E-41E9-A508-EA9BA288894D}"
	ProjectSection(ProjectDependencies) = postProject
		{89B8FB41-3530-4E29-8179-99E03898CB55} = {89B8FB41-3530-4E29-8179-99E03898CB55}
		{452DB57D-ADCE-4947-AD50-5CB962A7B19F} = {452DB57D-ADCE-4947-AD50-5CB962A7B19F}
	EndProjectSection
EndProject
Project("{8BC9CEB8-8B4A-11D0-8D11-00A0C91BC942}") = "OpenIL", "Projects\Libraries\Utilities\OpenIL\OpenIL.vcxproj", "{53D32EE1-B6A1-4150-9022-23314782EE5E}"
	ProjectSection(ProjectDependencies) = postProject
		{CE1446BC-5B23-43C3-BF45-68C5ACF46640} = {CE1446BC-5B23-43C3-BF45-68C5ACF46640}
	EndProjectSection
EndProject
Project("{8BC9CEB8-8B4A-11D0-8D11-00A0C91BC942}") = "OpenGL_Infrastructure", "Projects\Example\OpenGL_Infrastructure\OpenGL_Infrastructure.vcxproj", "{1DD07C16-67AF-4078-BEC4-684A198A701A}"
	ProjectSection(ProjectDependencies) = postProject
		{599C3F64-8B23-4F93-B87D-97402E2E0BEE} = {599C3F64-8B23-4F93-B87D-97402E2E0BEE}
		{35C7ACBA-6404-415F-A7F6-E15D7169A187} = {35C7ACBA-6404-415F-A7F6-E15D7169A187}
		{4A0F10C5-C7E2-4467-B155-C86271E26DB1} = {4A0F10C5-C7E2-4467-B155-C86271E26DB1}
	EndProjectSection
EndProject
Project("{8BC9CEB8-8B4A-11D0-8D11-00A0C91BC942}") = "Vulkan_Infrastructure", "Projects\Example\Vulkan_Infrastructure\Vulkan_Infrastructure.vcxproj", "{791D1F80-E16E-45CF-996B-A38F069D4B7F}"
	ProjectSection(ProjectDependencies) = postProject
		{4A0F10C5-C7E2-4467-B155-C86271E26DB1} = {4A0F10C5-C7E2-4467-B155-C86271E26DB1}
	EndProjectSection
EndProject
Project("{8BC9CEB8-8B4A-11D0-8D11-00A0C91BC942}") = "System", "Projects\Libraries\System\System.vcxproj", "{C59A0985-B243-4502-AA31-5C5FDB1A87B6}"
	ProjectSection(ProjectDependencies) = postProject
		{CE1446BC-5B23-43C3-BF45-68C5ACF46640} = {CE1446BC-5B23-43C3-BF45-68C5ACF46640}
	EndProjectSection
EndProject
Project("{8BC9CEB8-8B4A-11D0-8D11-00A0C91BC942}") = "BulletPhysics", "Projects\Libraries\APIs\BulletPhysics\BulletPhysics.vcxproj", "{E276F458-F17E-495C-BA08-030E07015E83}"
	ProjectSection(ProjectDependencies) = postProject
		{BFB7DB67-2AEE-4303-88B6-EA97E08CF3C9} = {BFB7DB67-2AEE-4303-88B6-EA97E08CF3C9}
		{CE1446BC-5B23-43C3-BF45-68C5ACF46640} = {CE1446BC-5B23-43C3-BF45-68C5ACF46640}
		{E03D89E7-C9A7-4328-B157-A756D51C54FB} = {E03D89E7-C9A7-4328-B157-A756D51C54FB}
	EndProjectSection
EndProject
Project("{8BC9CEB8-8B4A-11D0-8D11-00A0C91BC942}") = "BulletPhysics_Test", "Projects\Example\BulletPhysics_Test\BulletPhysics_Test.vcxproj", "{70A6C56D-6CBB-497B-BA66-6CA540BB011E}"
	ProjectSection(ProjectDependencies) = postProject
		{E276F458-F17E-495C-BA08-030E07015E83} = {E276F458-F17E-495C-BA08-030E07015E83}
	EndProjectSection
EndProject
Project("{8BC9CEB8-8B4A-11D0-8D11-00A0C91BC942}") = "BulletPhysics_Infrastructure", "Projects\Example\BulletPhysics_Infrastructure\BulletPhysics_Infrastructure.vcxproj", "{E9829065-CE7E-4A6F-BBBC-CB7878E7D7E6}"
	ProjectSection(ProjectDependencies) = postProject
		{E276F458-F17E-495C-BA08-030E07015E83} = {E276F458-F17E-495C-BA08-030E07015E83}
		{599C3F64-8B23-4F93-B87D-97402E2E0BEE} = {599C3F64-8B23-4F93-B87D-97402E2E0BEE}
		{35C7ACBA-6404-415F-A7F6-E15D7169A187} = {35C7ACBA-6404-415F-A7F6-E15D7169A187}
		{4A0F10C5-C7E2-4467-B155-C86271E26DB1} = {4A0F10C5-C7E2-4467-B155-C86271E26DB1}
	EndProjectSection
EndProject
Project("{8BC9CEB8-8B4A-11D0-8D11-00A0C91BC942}") = "Input_Test", "Projects\Example\Input_Test\Input_Test.vcxproj", "{0518E16D-B8F1-461C-8555-4E9FD18E1E8C}"
	ProjectSection(ProjectDependencies) = postProject
		{599C3F64-8B23-4F93-B87D-97402E2E0BEE} = {599C3F64-8B23-4F93-B87D-97402E2E0BEE}
	EndProjectSection
EndProject
Project("{8BC9CEB8-8B4A-11D0-8D11-00A0C91BC942}") = "Gunship", "Projects\Sketch\Gunship\Gunship.vcxproj", "{B9414A15-E5D6-4371-A886-0B9137A52790}"
	ProjectSection(ProjectDependencies) = postProject
		{599C3F64-8B23-4F93-B87D-97402E2E0BEE} = {599C3F64-8B23-4F93-B87D-97402E2E0BEE}
		{4A0F10C5-C7E2-4467-B155-C86271E26DB1} = {4A0F10C5-C7E2-4467-B155-C86271E26DB1}
	EndProjectSection
EndProject
Project("{2150E333-8FDC-42A3-9474-1A3956D46DE8}") = "Sketch", "Sketch", "{CBDC12C8-7D41-44A4-938D-59C235CCF7A1}"
EndProject
Project("{8BC9CEB8-8B4A-11D0-8D11-00A0C91BC942}") = "Quaternion", "Projects\Tests\Quaternion\Quaternion.vcxproj", "{79ADA691-DACF-4ECA-B12B-FF1F1D3123D0}"
EndProject
Project("{8BC9CEB8-8B4A-11D0-8D11-00A0C91BC942}") = "Inventory", "Projects\Sketch\Inventory\Inventory.vcxproj", "{9DE60222-E8E4-4BDC-8EA0-FCF3A1ABD3EF}"
	ProjectSection(ProjectDependencies) = postProject
		{599C3F64-8B23-4F93-B87D-97402E2E0BEE} = {599C3F64-8B23-4F93-B87D-97402E2E0BEE}
		{4A0F10C5-C7E2-4467-B155-C86271E26DB1} = {4A0F10C5-C7E2-4467-B155-C86271E26DB1}
	EndProjectSection
EndProject
Project("{8BC9CEB8-8B4A-11D0-8D11-00A0C91BC942}") = "JSON", "Projects\Libraries\Utilities\JSON\JSON.vcxproj", "{495967DB-F07D-4939-891C-378EBAE43185}"
	ProjectSection(ProjectDependencies) = postProject
		{CE1446BC-5B23-43C3-BF45-68C5ACF46640} = {CE1446BC-5B23-43C3-BF45-68C5ACF46640}
	EndProjectSection
EndProject
Project("{8BC9CEB8-8B4A-11D0-8D11-00A0C91BC942}") = "JSON_Test", "Projects\Example\JSON_Test\JSON_Test.vcxproj", "{65496922-CC47-4C9F-9428-1E23CA143EBE}"
	ProjectSection(ProjectDependencies) = postProject
		{495967DB-F07D-4939-891C-378EBAE43185} = {495967DB-F07D-4939-891C-378EBAE43185}
	EndProjectSection
EndProject
Project("{8BC9CEB8-8B4A-11D0-8D11-00A0C91BC942}") = "Brothel", "Projects\Sketch\Brothel\Brothel.vcxproj", "{E18D8ED6-A3E3-47F7-B7EF-FFC03FE8C0AD}"
	ProjectSection(ProjectDependencies) = postProject
		{599C3F64-8B23-4F93-B87D-97402E2E0BEE} = {599C3F64-8B23-4F93-B87D-97402E2E0BEE}
		{CE1446BC-5B23-43C3-BF45-68C5ACF46640} = {CE1446BC-5B23-43C3-BF45-68C5ACF46640}
		{4A0F10C5-C7E2-4467-B155-C86271E26DB1} = {4A0F10C5-C7E2-4467-B155-C86271E26DB1}
		{495967DB-F07D-4939-891C-378EBAE43185} = {495967DB-F07D-4939-891C-378EBAE43185}
	EndProjectSection
EndProject
Project("{8BC9CEB8-8B4A-11D0-8D11-00A0C91BC942}") = "DarkPlace", "Projects\Sketch\DarkPlace\DarkPlace.vcxproj", "{B8203044-5AC4-4A02-9B1D-BE779475AEE1}"
	ProjectSection(ProjectDependencies) = postProject
		{599C3F64-8B23-4F93-B87D-97402E2E0BEE} = {599C3F64-8B23-4F93-B87D-97402E2E0BEE}
		{4A0F10C5-C7E2-4467-B155-C86271E26DB1} = {4A0F10C5-C7E2-4467-B155-C86271E26DB1}
		{495967DB-F07D-4939-891C-378EBAE43185} = {495967DB-F07D-4939-891C-378EBAE43185}
		{E03D89E7-C9A7-4328-B157-A756D51C54FB} = {E03D89E7-C9A7-4328-B157-A756D51C54FB}
	EndProjectSection
EndProject
Global
	GlobalSection(SolutionConfigurationPlatforms) = preSolution
		Debug|Win32 = Debug|Win32
		Release|Win32 = Release|Win32
	EndGlobalSection
	GlobalSection(ProjectConfigurationPlatforms) = postSolution
		{4A0F10C5-C7E2-4467-B155-C86271E26DB1}.Debug|Win32.ActiveCfg = Debug|Win32
		{4A0F10C5-C7E2-4467-B155-C86271E26DB1}.Debug|Win32.Build.0 = Debug|Win32
		{4A0F10C5-C7E2-4467-B155-C86271E26DB1}.Release|Win32.ActiveCfg = Release|Win32
		{4A0F10C5-C7E2-4467-B155-C86271E26DB1}.Release|Win32.Build.0 = Release|Win32
		{6DC00989-0113-446D-9AB9-9AD0A778EAB4}.Debug|Win32.ActiveCfg = Debug|Win32
		{6DC00989-0113-446D-9AB9-9AD0A778EAB4}.Debug|Win32.Build.0 = Debug|Win32
		{6DC00989-0113-446D-9AB9-9AD0A778EAB4}.Release|Win32.ActiveCfg = Release|Win32
		{6DC00989-0113-446D-9AB9-9AD0A778EAB4}.Release|Win32.Build.0 = Release|Win32
		{CE1446BC-5B23-43C3-BF45-68C5ACF46640}.Debug|Win32.ActiveCfg = Debug|Win32
		{CE1446BC-5B23-43C3-BF45-68C5ACF46640}.Debug|Win32.Build.0 = Debug|Win32
		{CE1446BC-5B23-43C3-BF45-68C5ACF46640}.Release|Win32.ActiveCfg = Release|Win32
		{CE1446BC-5B23-43C3-BF45-68C5ACF46640}.Release|Win32.Build.0 = Release|Win32
		{E03D89E7-C9A7-4328-B157-A756D51C54FB}.Debug|Win32.ActiveCfg = Debug|Win32
		{E03D89E7-C9A7-4328-B157-A756D51C54FB}.Debug|Win32.Build.0 = Debug|Win32
		{E03D89E7-C9A7-4328-B157-A756D51C54FB}.Release|Win32.ActiveCfg = Release|Win32
		{E03D89E7-C9A7-4328-B157-A756D51C54FB}.Release|Win32.Build.0 = Release|Win32
		{5FBD54EC-5362-43D4-A22F-AF162F66E8D3}.Debug|Win32.ActiveCfg = Debug|Win32
		{5FBD54EC-5362-43D4-A22F-AF162F66E8D3}.Debug|Win32.Build.0 = Debug|Win32
		{5FBD54EC-5362-43D4-A22F-AF162F66E8D3}.Release|Win32.ActiveCfg = Release|Win32
		{5FBD54EC-5362-43D4-A22F-AF162F66E8D3}.Release|Win32.Build.0 = Release|Win32
		{0FE9039D-5579-481C-ABAD-091DE9DF4D6E}.Debug|Win32.ActiveCfg = Debug|Win32
		{0FE9039D-5579-481C-ABAD-091DE9DF4D6E}.Debug|Win32.Build.0 = Debug|Win32
		{0FE9039D-5579-481C-ABAD-091DE9DF4D6E}.Release|Win32.ActiveCfg = Release|Win32
		{0FE9039D-5579-481C-ABAD-091DE9DF4D6E}.Release|Win32.Build.0 = Release|Win32
		{A02CD70B-8EEB-4FB8-A091-20EE4EC8B607}.Debug|Win32.ActiveCfg = Debug|Win32
		{A02CD70B-8EEB-4FB8-A091-20EE4EC8B607}.Debug|Win32.Build.0 = Debug|Win32
		{A02CD70B-8EEB-4FB8-A091-20EE4EC8B607}.Release|Win32.ActiveCfg = Release|Win32
		{A02CD70B-8EEB-4FB8-A091-20EE4EC8B607}.Release|Win32.Build.0 = Release|Win32
		{0448B82F-5C3C-4594-9B87-485534647449}.Debug|Win32.ActiveCfg = Debug|Win32
		{0448B82F-5C3C-4594-9B87-485534647449}.Debug|Win32.Build.0 = Debug|Win32
		{0448B82F-5C3C-4594-9B87-485534647449}.Release|Win32.ActiveCfg = Release|Win32
		{0448B82F-5C3C-4594-9B87-485534647449}.Release|Win32.Build.0 = Release|Win32
		{35C7ACBA-6404-415F-A7F6-E15D7169A187}.Debug|Win32.ActiveCfg = Debug|Win32
		{35C7ACBA-6404-415F-A7F6-E15D7169A187}.Debug|Win32.Build.0 = Debug|Win32
		{35C7ACBA-6404-415F-A7F6-E15D7169A187}.Release|Win32.ActiveCfg = Release|Win32
		{35C7ACBA-6404-415F-A7F6-E15D7169A187}.Release|Win32.Build.0 = Release|Win32
		{452DB57D-ADCE-4947-AD50-5CB962A7B19F}.Debug|Win32.ActiveCfg = Debug|Win32
		{452DB57D-ADCE-4947-AD50-5CB962A7B19F}.Debug|Win32.Build.0 = Debug|Win32
		{452DB57D-ADCE-4947-AD50-5CB962A7B19F}.Release|Win32.ActiveCfg = Release|Win32
		{452DB57D-ADCE-4947-AD50-5CB962A7B19F}.Release|Win32.Build.0 = Release|Win32
		{599C3F64-8B23-4F93-B87D-97402E2E0BEE}.Debug|Win32.ActiveCfg = Debug|Win32
		{599C3F64-8B23-4F93-B87D-97402E2E0BEE}.Debug|Win32.Build.0 = Debug|Win32
		{599C3F64-8B23-4F93-B87D-97402E2E0BEE}.Release|Win32.ActiveCfg = Release|Win32
		{599C3F64-8B23-4F93-B87D-97402E2E0BEE}.Release|Win32.Build.0 = Release|Win32
		{5CF1953B-8A2F-4263-8580-0C7095546280}.Debug|Win32.ActiveCfg = Debug|Win32
		{5CF1953B-8A2F-4263-8580-0C7095546280}.Debug|Win32.Build.0 = Debug|Win32
		{5CF1953B-8A2F-4263-8580-0C7095546280}.Release|Win32.ActiveCfg = Release|Win32
		{5CF1953B-8A2F-4263-8580-0C7095546280}.Release|Win32.Build.0 = Release|Win32
		{BFB7DB67-2AEE-4303-88B6-EA97E08CF3C9}.Debug|Win32.ActiveCfg = Debug|Win32
		{BFB7DB67-2AEE-4303-88B6-EA97E08CF3C9}.Debug|Win32.Build.0 = Debug|Win32
		{BFB7DB67-2AEE-4303-88B6-EA97E08CF3C9}.Release|Win32.ActiveCfg = Release|Win32
		{BFB7DB67-2AEE-4303-88B6-EA97E08CF3C9}.Release|Win32.Build.0 = Release|Win32
		{B384F862-A2A5-4D46-8882-47C8AEA38F72}.Debug|Win32.ActiveCfg = Debug|Win32
		{B384F862-A2A5-4D46-8882-47C8AEA38F72}.Debug|Win32.Build.0 = Debug|Win32
		{B384F862-A2A5-4D46-8882-47C8AEA38F72}.Release|Win32.ActiveCfg = Release|Win32
		{B384F862-A2A5-4D46-8882-47C8AEA38F72}.Release|Win32.Build.0 = Release|Win32
		{AB38C5F2-4EFD-4C0C-88DD-94C7403D1F76}.Debug|Win32.ActiveCfg = Debug|Win32
		{AB38C5F2-4EFD-4C0C-88DD-94C7403D1F76}.Debug|Win32.Build.0 = Debug|Win32
		{AB38C5F2-4EFD-4C0C-88DD-94C7403D1F76}.Release|Win32.ActiveCfg = Release|Win32
		{AB38C5F2-4EFD-4C0C-88DD-94C7403D1F76}.Release|Win32.Build.0 = Release|Win32
		{89B8FB41-3530-4E29-8179-99E03898CB55}.Debug|Win32.ActiveCfg = Debug|Win32
		{89B8FB41-3530-4E29-8179-99E03898CB55}.Debug|Win32.Build.0 = Debug|Win32
		{89B8FB41-3530-4E29-8179-99E03898CB55}.Release|Win32.ActiveCfg = Release|Win32
		{89B8FB41-3530-4E29-8179-99E03898CB55}.Release|Win32.Build.0 = Release|Win32
		{BA63DC9A-58FC-4341-B000-36B2C643EAFB}.Debug|Win32.ActiveCfg = Debug|Win32
		{BA63DC9A-58FC-4341-B000-36B2C643EAFB}.Debug|Win32.Build.0 = Debug|Win32
		{BA63DC9A-58FC-4341-B000-36B2C643EAFB}.Release|Win32.ActiveCfg = Release|Win32
		{BA63DC9A-58FC-4341-B000-36B2C643EAFB}.Release|Win32.Build.0 = Release|Win32
		{6415FFAD-4E5E-48A3-9030-9534E73D287A}.Debug|Win32.ActiveCfg = Debug|Win32
		{6415FFAD-4E5E-48A3-9030-9534E73D287A}.Debug|Win32.Build.0 = Debug|Win32
		{6415FFAD-4E5E-48A3-9030-9534E73D287A}.Release|Win32.ActiveCfg = Release|Win32
		{6415FFAD-4E5E-48A3-9030-9534E73D287A}.Release|Win32.Build.0 = Release|Win32
		{FF6B2FD8-37FA-473E-A99E-D8D63FB8E90C}.Debug|Win32.ActiveCfg = Debug|Win32
		{FF6B2FD8-37FA-473E-A99E-D8D63FB8E90C}.Debug|Win32.Build.0 = Debug|Win32
		{FF6B2FD8-37FA-473E-A99E-D8D63FB8E90C}.Release|Win32.ActiveCfg = Release|Win32
		{FF6B2FD8-37FA-473E-A99E-D8D63FB8E90C}.Release|Win32.Build.0 = Release|Win32
		{BC3F0435-6766-4227-80DD-2A7C1AAED0A1}.Debug|Win32.ActiveCfg = Debug|Win32
		{BC3F0435-6766-4227-80DD-2A7C1AAED0A1}.Debug|Win32.Build.0 = Debug|Win32
		{BC3F0435-6766-4227-80DD-2A7C1AAED0A1}.Release|Win32.ActiveCfg = Release|Win32
		{BC3F0435-6766-4227-80DD-2A7C1AAED0A1}.Release|Win32.Build.0 = Release|Win32
		{6E742E49-B38E-41E9-A508-EA9BA288894D}.Debug|Win32.ActiveCfg = Debug|Win32
		{6E742E49-B38E-41E9-A508-EA9BA288894D}.Debug|Win32.Build.0 = Debug|Win32
		{6E742E49-B38E-41E9-A508-EA9BA288894D}.Release|Win32.ActiveCfg = Release|Win32
		{6E742E49-B38E-41E9-A508-EA9BA288894D}.Release|Win32.Build.0 = Release|Win32
		{53D32EE1-B6A1-4150-9022-23314782EE5E}.Debug|Win32.ActiveCfg = Debug|Win32
		{53D32EE1-B6A1-4150-9022-23314782EE5E}.Debug|Win32.Build.0 = Debug|Win32
		{53D32EE1-B6A1-4150-9022-23314782EE5E}.Release|Win32.ActiveCfg = Release|Win32
		{53D32EE1-B6A1-4150-9022-23314782EE5E}.Release|Win32.Build.0 = Release|Win32
		{1DD07C16-67AF-4078-BEC4-684A198A701A}.Debug|Win32.ActiveCfg = Debug|Win32
		{1DD07C16-67AF-4078-BEC4-684A198A701A}.Debug|Win32.Build.0 = Debug|Win32
		{1DD07C16-67AF-4078-BEC4-684A198A701A}.Release|Win32.ActiveCfg = Release|Win32
		{1DD07C16-67AF-4078-BEC4-684A198A701A}.Release|Win32.Build.0 = Release|Win32
		{791D1F80-E16E-45CF-996B-A38F069D4B7F}.Debug|Win32.ActiveCfg = Debug|Win32
		{791D1F80-E16E-45CF-996B-A38F069D4B7F}.Debug|Win32.Build.0 = Debug|Win32
		{791D1F80-E16E-45CF-996B-A38F069D4B7F}.Release|Win32.ActiveCfg = Release|Win32
		{791D1F80-E16E-45CF-996B-A38F069D4B7F}.Release|Win32.Build.0 = Release|Win32
		{C59A0985-B243-4502-AA31-5C5FDB1A87B6}.Debug|Win32.ActiveCfg = Debug|Win32
		{C59A0985-B243-4502-AA31-5C5FDB1A87B6}.Debug|Win32.Build.0 = Debug|Win32
		{C59A0985-B243-4502-AA31-5C5FDB1A87B6}.Release|Win32.ActiveCfg = Release|Win32
		{C59A0985-B243-4502-AA31-5C5FDB1A87B6}.Release|Win32.Build.0 = Release|Win32
		{E276F458-F17E-495C-BA08-030E07015E83}.Debug|Win32.ActiveCfg = Debug|Win32
		{E276F458-F17E-495C-BA08-030E07015E83}.Debug|Win32.Build.0 = Debug|Win32
		{E276F458-F17E-495C-BA08-030E07015E83}.Release|Win32.ActiveCfg = Release|Win32
		{E276F458-F17E-495C-BA08-030E07015E83}.Release|Win32.Build.0 = Release|Win32
		{70A6C56D-6CBB-497B-BA66-6CA540BB011E}.Debug|Win32.ActiveCfg = Debug|Win32
		{70A6C56D-6CBB-497B-BA66-6CA540BB011E}.Debug|Win32.Build.0 = Debug|Win32
		{70A6C56D-6CBB-497B-BA66-6CA540BB011E}.Release|Win32.ActiveCfg = Release|Win32
		{70A6C56D-6CBB-497B-BA66-6CA540BB011E}.Release|Win32.Build.0 = Release|Win32
		{E9829065-CE7E-4A6F-BBBC-CB7878E7D7E6}.Debug|Win32.ActiveCfg = Debug|Win32
		{E9829065-CE7E-4A6F-BBBC-CB7878E7D7E6}.Debug|Win32.Build.0 = Debug|Win32
		{E9829065-CE7E-4A6F-BBBC-CB7878E7D7E6}.Release|Win32.ActiveCfg = Release|Win32
		{E9829065-CE7E-4A6F-BBBC-CB7878E7D7E6}.Release|Win32.Build.0 = Release|Win32
		{0518E16D-B8F1-461C-8555-4E9FD18E1E8C}.Debug|Win32.ActiveCfg = Debug|Win32
		{0518E16D-B8F1-461C-8555-4E9FD18E1E8C}.Debug|Win32.Build.0 = Debug|Win32
		{0518E16D-B8F1-461C-8555-4E9FD18E1E8C}.Release|Win32.ActiveCfg = Release|Win32
		{0518E16D-B8F1-461C-8555-4E9FD18E1E8C}.Release|Win32.Build.0 = Release|Win32
		{B9414A15-E5D6-4371-A886-0B9137A52790}.Debug|Win32.ActiveCfg = Debug|Win32
		{B9414A15-E5D6-4371-A886-0B9137A52790}.Debug|Win32.Build.0 = Debug|Win32
		{B9414A15-E5D6-4371-A886-0B9137A52790}.Release|Win32.ActiveCfg = Release|Win32
		{B9414A15-E5D6-4371-A886-0B9137A52790}.Release|Win32.Build.0 = Release|Win32
		{79ADA691-DACF-4ECA-B12B-FF1F1D3123D0}.Debug|Win32.ActiveCfg = Debug|Win32
		{79ADA691-DACF-4ECA-B12B-FF1F1D3123D0}.Debug|Win32.Build.0 = Debug|Win32
		{79ADA691-DACF-4ECA-B12B-FF1F1D3123D0}.Release|Win32.ActiveCfg = Release|Win32
		{79ADA691-DACF-4ECA-B12B-FF1F1D3123D0}.Release|Win32.Build.0 = Release|Win32
		{9DE60222-E8E4-4BDC-8EA0-FCF3A1ABD3EF}.Debug|Win32.ActiveCfg = Debug|Win32
		{9DE60222-E8E4-4BDC-8EA0-FCF3A1ABD3EF}.Debug|Win32.Build.0 = Debug|Win32
		{9DE60222-E8E4-4BDC-8EA0-FCF3A1ABD3EF}.Release|Win32.ActiveCfg = Release|Win32
		{9DE60222-E8E4-4BDC-8EA0-FCF3A1ABD3EF}.Release|Win32.Build.0 = Release|Win32
		{495967DB-F07D-4939-891C-378EBAE43185}.Debug|Win32.ActiveCfg = Debug|Win32
		{495967DB-F07D-4939-891C-378EBAE43185}.Debug|Win32.Build.0 = Debug|Win32
		{495967DB-F07D-4939-891C-378EBAE43185}.Release|Win32.ActiveCfg = Release|Win32
		{495967DB-F07D-4939-891C-378EBAE43185}.Release|Win32.Build.0 = Release|Win32
		{65496922-CC47-4C9F-9428-1E23CA143EBE}.Debug|Win32.ActiveCfg = Debug|Win32
		{65496922-CC47-4C9F-9428-1E23CA143EBE}.Debug|Win32.Build.0 = Debug|Win32
		{65496922-CC47-4C9F-9428-1E23CA143EBE}.Release|Win32.ActiveCfg = Release|Win32
		{65496922-CC47-4C9F-9428-1E23CA143EBE}.Release|Win32.Build.0 = Release|Win32
		{E18D8ED6-A3E3-47F7-B7EF-FFC03FE8C0AD}.Debug|Win32.ActiveCfg = Debug|Win32
		{E18D8ED6-A3E3-47F7-B7EF-FFC03FE8C0AD}.Debug|Win32.Build.0 = Debug|Win32
		{E18D8ED6-A3E3-47F7-B7EF-FFC03FE8C0AD}.Release|Win32.ActiveCfg = Release|Win32
		{E18D8ED6-A3E3-47F7-B7EF-FFC03FE8C0AD}.Release|Win32.Build.0 = Release|Win32
		{B8203044-5AC4-4A02-9B1D-BE779475AEE1}.Debug|Win32.ActiveCfg = Debug|Win32
		{B8203044-5AC4-4A02-9B1D-BE779475AEE1}.Debug|Win32.Build.0 = Debug|Win32
		{B8203044-5AC4-4A02-9B1D-BE779475AEE1}.Release|Win32.ActiveCfg = Release|Win32
		{B8203044-5AC4-4A02-9B1D-BE779475AEE1}.Release|Win32.Build.0 = Release|Win32
	EndGlobalSection
	GlobalSection(SolutionProperties) = preSolution
		HideSolutionNode = FALSE
	EndGlobalSection
	GlobalSection(NestedProjects) = preSolution
		{4A0F10C5-C7E2-4467-B155-C86271E26DB1} = {B2282035-070B-4D5A-B61B-122381AEDC74}
		{CE1446BC-5B23-43C3-BF45-68C5ACF46640} = {B2282035-070B-4D5A-B61B-122381AEDC74}
		{E03D89E7-C9A7-4328-B157-A756D51C54FB} = {B2282035-070B-4D5A-B61B-122381AEDC74}
		{834CB685-001F-4171-94F5-DB047773127E} = {B2282035-070B-4D5A-B61B-122381AEDC74}
		{599C3F64-8B23-4F93-B87D-97402E2E0BEE} = {B2282035-070B-4D5A-B61B-122381AEDC74}
		{BFB7DB67-2AEE-4303-88B6-EA97E08CF3C9} = {B2282035-070B-4D5A-B61B-122381AEDC74}
		{34AA2943-39F6-49C9-A66B-F16C334D1F9D} = {B2282035-070B-4D5A-B61B-122381AEDC74}
		{C59A0985-B243-4502-AA31-5C5FDB1A87B6} = {B2282035-070B-4D5A-B61B-122381AEDC74}
		{6DC00989-0113-446D-9AB9-9AD0A778EAB4} = {E31D3F04-CE47-42D4-BAFA-3422D153EA13}
		{99D8CD29-536E-476C-9E4E-8C781C5D047E} = {C742A8CD-3CE1-4B4E-B2A8-6525DCCD3F7E}
		{2DEF4887-CCC9-4B9E-BCA5-71A1421C67FB} = {99D8CD29-536E-476C-9E4E-8C781C5D047E}
		{5FBD54EC-5362-43D4-A22F-AF162F66E8D3} = {2DEF4887-CCC9-4B9E-BCA5-71A1421C67FB}
		{0FE9039D-5579-481C-ABAD-091DE9DF4D6E} = {2DEF4887-CCC9-4B9E-BCA5-71A1421C67FB}
		{A02CD70B-8EEB-4FB8-A091-20EE4EC8B607} = {2DEF4887-CCC9-4B9E-BCA5-71A1421C67FB}
		{0448B82F-5C3C-4594-9B87-485534647449} = {2DEF4887-CCC9-4B9E-BCA5-71A1421C67FB}
		{5CF1953B-8A2F-4263-8580-0C7095546280} = {2DEF4887-CCC9-4B9E-BCA5-71A1421C67FB}
		{79ADA691-DACF-4ECA-B12B-FF1F1D3123D0} = {2DEF4887-CCC9-4B9E-BCA5-71A1421C67FB}
		{35C7ACBA-6404-415F-A7F6-E15D7169A187} = {834CB685-001F-4171-94F5-DB047773127E}
		{452DB57D-ADCE-4947-AD50-5CB962A7B19F} = {834CB685-001F-4171-94F5-DB047773127E}
		{89B8FB41-3530-4E29-8179-99E03898CB55} = {834CB685-001F-4171-94F5-DB047773127E}
		{E276F458-F17E-495C-BA08-030E07015E83} = {834CB685-001F-4171-94F5-DB047773127E}
		{B384F862-A2A5-4D46-8882-47C8AEA38F72} = {411DB0F3-B431-4343-91AA-58194D45186A}
		{AB38C5F2-4EFD-4C0C-88DD-94C7403D1F76} = {411DB0F3-B431-4343-91AA-58194D45186A}
		{BA63DC9A-58FC-4341-B000-36B2C643EAFB} = {411DB0F3-B431-4343-91AA-58194D45186A}
		{6415FFAD-4E5E-48A3-9030-9534E73D287A} = {411DB0F3-B431-4343-91AA-58194D45186A}
		{BC3F0435-6766-4227-80DD-2A7C1AAED0A1} = {411DB0F3-B431-4343-91AA-58194D45186A}
		{6E742E49-B38E-41E9-A508-EA9BA288894D} = {411DB0F3-B431-4343-91AA-58194D45186A}
		{1DD07C16-67AF-4078-BEC4-684A198A701A} = {411DB0F3-B431-4343-91AA-58194D45186A}
		{791D1F80-E16E-45CF-996B-A38F069D4B7F} = {411DB0F3-B431-4343-91AA-58194D45186A}
		{70A6C56D-6CBB-497B-BA66-6CA540BB011E} = {411DB0F3-B431-4343-91AA-58194D45186A}
		{E9829065-CE7E-4A6F-BBBC-CB7878E7D7E6} = {411DB0F3-B431-4343-91AA-58194D45186A}
		{0518E16D-B8F1-461C-8555-4E9FD18E1E8C} = {411DB0F3-B431-4343-91AA-58194D45186A}
		{65496922-CC47-4C9F-9428-1E23CA143EBE} = {411DB0F3-B431-4343-91AA-58194D45186A}
		{FF6B2FD8-37FA-473E-A99E-D8D63FB8E90C} = {34AA2943-39F6-49C9-A66B-F16C334D1F9D}
		{53D32EE1-B6A1-4150-9022-23314782EE5E} = {34AA2943-39F6-49C9-A66B-F16C334D1F9D}
		{495967DB-F07D-4939-891C-378EBAE43185} = {34AA2943-39F6-49C9-A66B-F16C334D1F9D}
		{B9414A15-E5D6-4371-A886-0B9137A52790} = {CBDC12C8-7D41-44A4-938D-59C235CCF7A1}
		{9DE60222-E8E4-4BDC-8EA0-FCF3A1ABD3EF} = {CBDC12C8-7D41-44A4-938D-59C235CCF7A1}
		{E18D8ED6-A3E3-47F7-B7EF-FFC03FE8C0AD} = {CBDC12C8-7D41-44A4-938D-59C235CCF7A1}
		{B8203044-5AC4-4A02-9B1D-BE779475AEE1} = {CBDC12C8-7D41-44A4-938D-59C235CCF7A1}
	EndGlobalSection
EndGlobal
